
Microsoft Visual Studio Solution File, Format Version 12.00
# Visual Studio Version 17
VisualStudioVersion = 17.3.32929.385
MinimumVisualStudioVersion = 10.0.40219.1
Project("{9A19103F-16F7-4668-BE54-9A1E7A4F7556}") = "Avalonia.MenuFactory", "Avalonia.MenuFactory\Avalonia.MenuFactory.csproj", "{08B18418-4C62-4A0C-AB6C-1AEBBBB644FC}"
EndProject
Project("{9A19103F-16F7-4668-BE54-9A1E7A4F7556}") = "Avalonia.MenuFactory.Demo", "Avalonia.MenuFactory.Demo\Avalonia.MenuFactory.Demo.csproj", "{F894D02C-FA78-4453-BCA6-1876446132B7}"
EndProject
Global
	GlobalSection(SolutionConfigurationPlatforms) = preSolution
		Debug|Any CPU = Debug|Any CPU
		Release|Any CPU = Release|Any CPU
	EndGlobalSection
	GlobalSection(ProjectConfigurationPlatforms) = postSolution
		{08B18418-4C62-4A0C-AB6C-1AEBBBB644FC}.Debug|Any CPU.ActiveCfg = Debug|Any CPU
		{08B18418-4C62-4A0C-AB6C-1AEBBBB644FC}.Debug|Any CPU.Build.0 = Debug|Any CPU
		{08B18418-4C62-4A0C-AB6C-1AEBBBB644FC}.Release|Any CPU.ActiveCfg = Release|Any CPU
		{08B18418-4C62-4A0C-AB6C-1AEBBBB644FC}.Release|Any CPU.Build.0 = Release|Any CPU
		{F894D02C-FA78-4453-BCA6-1876446132B7}.Debug|Any CPU.ActiveCfg = Debug|Any CPU
		{F894D02C-FA78-4453-BCA6-1876446132B7}.Debug|Any CPU.Build.0 = Debug|Any CPU
		{F894D02C-FA78-4453-BCA6-1876446132B7}.Release|Any CPU.ActiveCfg = Release|Any CPU
		{F894D02C-FA78-4453-BCA6-1876446132B7}.Release|Any CPU.Build.0 = Release|Any CPU
	EndGlobalSection
	GlobalSection(SolutionProperties) = preSolution
		HideSolutionNode = FALSE
	EndGlobalSection
	GlobalSection(ExtensibilityGlobals) = postSolution
		SolutionGuid = {4EBBB4D9-8F6F-4014-B4DD-198A396F3467}
	EndGlobalSection
EndGlobal
